
Microsoft Visual Studio Solution File, Format Version 12.00
# Visual Studio Version 17
VisualStudioVersion = 17.8.34322.80
MinimumVisualStudioVersion = 10.0.40219.1
Project("{9A19103F-16F7-4668-BE54-9A1E7A4F7556}") = "CareTrack.Server", "CareTrack.Server\CareTrack.Server.csproj", "{51146615-DF1A-4C0C-B8A8-4719FE0D08C3}"
EndProject
Project("{54A90642-561A-4BB1-A94E-469ADEE60C69}") = "caretrack.client", "caretrack.client\caretrack.client.esproj", "{27448983-BD06-4DA5-ADDF-E7FBF7E99E92}"
EndProject
Project("{2150E333-8FDC-42A3-9474-1A3956D46DE8}") = "Modules", "Modules", "{C592C216-EA65-4D2F-9EEB-AC9DC38A58B6}"
EndProject
Project("{2150E333-8FDC-42A3-9474-1A3956D46DE8}") = "CareTrack", "CareTrack", "{41B0EF82-5209-4930-9B8F-8C8712C76FA3}"
EndProject
Project("{9A19103F-16F7-4668-BE54-9A1E7A4F7556}") = "CareTrack.Application", "CareTrack.Application\CareTrack.Application.csproj", "{8DB8D596-F918-4DDD-8EEA-D7BA113C9A39}"
EndProject
Project("{9A19103F-16F7-4668-BE54-9A1E7A4F7556}") = "CareTrack.Domain", "CareTrack.Domain\CareTrack.Domain.csproj", "{AEF80BC6-4A02-481E-B6D6-A40D1626C0B7}"
EndProject
Project("{9A19103F-16F7-4668-BE54-9A1E7A4F7556}") = "CareTrack.Infrastructure", "CareTrack.Infrastructure\CareTrack.Infrastructure.csproj", "{9EF6BBF9-CC86-4F8A-A09C-FEA53300FC29}"
EndProject
Project("{9A19103F-16F7-4668-BE54-9A1E7A4F7556}") = "CareTrack.Presentation", "CareTrack.Presentation\CareTrack.Presentation.csproj", "{25089877-F3A1-4E71-97A2-FFE3D2C1589B}"
EndProject
Global
	GlobalSection(SolutionConfigurationPlatforms) = preSolution
		Debug|Any CPU = Debug|Any CPU
		Release|Any CPU = Release|Any CPU
	EndGlobalSection
	GlobalSection(ProjectConfigurationPlatforms) = postSolution
		{51146615-DF1A-4C0C-B8A8-4719FE0D08C3}.Debug|Any CPU.ActiveCfg = Debug|Any CPU
		{51146615-DF1A-4C0C-B8A8-4719FE0D08C3}.Debug|Any CPU.Build.0 = Debug|Any CPU
		{51146615-DF1A-4C0C-B8A8-4719FE0D08C3}.Release|Any CPU.ActiveCfg = Release|Any CPU
		{51146615-DF1A-4C0C-B8A8-4719FE0D08C3}.Release|Any CPU.Build.0 = Release|Any CPU
		{27448983-BD06-4DA5-ADDF-E7FBF7E99E92}.Debug|Any CPU.ActiveCfg = Debug|Any CPU
		{27448983-BD06-4DA5-ADDF-E7FBF7E99E92}.Debug|Any CPU.Build.0 = Debug|Any CPU
		{27448983-BD06-4DA5-ADDF-E7FBF7E99E92}.Debug|Any CPU.Deploy.0 = Debug|Any CPU
		{27448983-BD06-4DA5-ADDF-E7FBF7E99E92}.Release|Any CPU.ActiveCfg = Release|Any CPU
		{27448983-BD06-4DA5-ADDF-E7FBF7E99E92}.Release|Any CPU.Build.0 = Release|Any CPU
		{27448983-BD06-4DA5-ADDF-E7FBF7E99E92}.Release|Any CPU.Deploy.0 = Release|Any CPU
		{8DB8D596-F918-4DDD-8EEA-D7BA113C9A39}.Debug|Any CPU.ActiveCfg = Debug|Any CPU
		{8DB8D596-F918-4DDD-8EEA-D7BA113C9A39}.Debug|Any CPU.Build.0 = Debug|Any CPU
		{8DB8D596-F918-4DDD-8EEA-D7BA113C9A39}.Release|Any CPU.ActiveCfg = Release|Any CPU
		{8DB8D596-F918-4DDD-8EEA-D7BA113C9A39}.Release|Any CPU.Build.0 = Release|Any CPU
		{AEF80BC6-4A02-481E-B6D6-A40D1626C0B7}.Debug|Any CPU.ActiveCfg = Debug|Any CPU
		{AEF80BC6-4A02-481E-B6D6-A40D1626C0B7}.Debug|Any CPU.Build.0 = Debug|Any CPU
		{AEF80BC6-4A02-481E-B6D6-A40D1626C0B7}.Release|Any CPU.ActiveCfg = Release|Any CPU
		{AEF80BC6-4A02-481E-B6D6-A40D1626C0B7}.Release|Any CPU.Build.0 = Release|Any CPU
		{9EF6BBF9-CC86-4F8A-A09C-FEA53300FC29}.Debug|Any CPU.ActiveCfg = Debug|Any CPU
		{9EF6BBF9-CC86-4F8A-A09C-FEA53300FC29}.Debug|Any CPU.Build.0 = Debug|Any CPU
		{9EF6BBF9-CC86-4F8A-A09C-FEA53300FC29}.Release|Any CPU.ActiveCfg = Release|Any CPU
		{9EF6BBF9-CC86-4F8A-A09C-FEA53300FC29}.Release|Any CPU.Build.0 = Release|Any CPU
		{25089877-F3A1-4E71-97A2-FFE3D2C1589B}.Debug|Any CPU.ActiveCfg = Debug|Any CPU
		{25089877-F3A1-4E71-97A2-FFE3D2C1589B}.Debug|Any CPU.Build.0 = Debug|Any CPU
		{25089877-F3A1-4E71-97A2-FFE3D2C1589B}.Release|Any CPU.ActiveCfg = Release|Any CPU
		{25089877-F3A1-4E71-97A2-FFE3D2C1589B}.Release|Any CPU.Build.0 = Release|Any CPU
	EndGlobalSection
	GlobalSection(SolutionProperties) = preSolution
		HideSolutionNode = FALSE
	EndGlobalSection
	GlobalSection(NestedProjects) = preSolution
		{41B0EF82-5209-4930-9B8F-8C8712C76FA3} = {C592C216-EA65-4D2F-9EEB-AC9DC38A58B6}
		{8DB8D596-F918-4DDD-8EEA-D7BA113C9A39} = {41B0EF82-5209-4930-9B8F-8C8712C76FA3}
		{AEF80BC6-4A02-481E-B6D6-A40D1626C0B7} = {41B0EF82-5209-4930-9B8F-8C8712C76FA3}
		{9EF6BBF9-CC86-4F8A-A09C-FEA53300FC29} = {41B0EF82-5209-4930-9B8F-8C8712C76FA3}
		{25089877-F3A1-4E71-97A2-FFE3D2C1589B} = {41B0EF82-5209-4930-9B8F-8C8712C76FA3}
	EndGlobalSection
	GlobalSection(ExtensibilityGlobals) = postSolution
		SolutionGuid = {C7C4616C-259C-482E-9916-3F205CCD6C75}
	EndGlobalSection
EndGlobal
